
Microsoft Visual Studio Solution File, Format Version 12.00
# Visual Studio Version 16
VisualStudioVersion = 16.0.29509.3
MinimumVisualStudioVersion = 10.0.40219.1
Project("{9A19103F-16F7-4668-BE54-9A1E7A4F7556}") = "ModelingFramework.Core", "ModelingFramework.Core\ModelingFramework.Core.csproj", "{4E430E2B-B4AB-4B00-8B0C-52EEF2067EB6}"
EndProject
Project("{2150E333-8FDC-42A3-9474-1A3956D46DE8}") = "Apps", "Apps", "{F9E36E60-B7D6-4658-934B-425C84BD15D1}"
EndProject
Project("{2150E333-8FDC-42A3-9474-1A3956D46DE8}") = "Libraries", "Libraries", "{6767A85A-AE3B-4D7B-8F03-1C637D7205D0}"
EndProject
Project("{2150E333-8FDC-42A3-9474-1A3956D46DE8}") = "Tests", "Tests", "{A793A771-F4CB-4C25-AD34-12AFDB23C606}"
EndProject
Project("{9A19103F-16F7-4668-BE54-9A1E7A4F7556}") = "PlaygroundConsole", "PlaygroundConsole\PlaygroundConsole.csproj", "{864BECE9-DDD6-432D-9E83-B8D5981CE506}"
EndProject
Project("{9A19103F-16F7-4668-BE54-9A1E7A4F7556}") = "TestModelicaParser", "TestModelicaSuperpower\TestModelicaParser.csproj", "{DD8DF48A-7923-45AD-850A-F403E43C5319}"
EndProject
Project("{9A19103F-16F7-4668-BE54-9A1E7A4F7556}") = "Apps.ModelicaCompliance", "Apps.ModelicaCompliance\Apps.ModelicaCompliance.csproj", "{187F0BEE-58B2-426B-B3B8-48910D1C3113}"
EndProject
Project("{9A19103F-16F7-4668-BE54-9A1E7A4F7556}") = "Apps.ModelEditor", "Apps.ModelEditor\Apps.ModelEditor.csproj", "{2045B7AF-E73E-4F45-B5A2-0B8DE888E075}"
EndProject
Project("{2150E333-8FDC-42A3-9474-1A3956D46DE8}") = "Deployment", "Deployment", "{0F781CBF-0A93-49F5-B9FE-E37AB4A3F8B2}"
EndProject
Project("{C7167F0D-BC9F-4E6E-AFE1-012C56B48DB5}") = "ModelingFramework.Installer", "ModelingFramework.Installer\ModelingFramework.Installer.wapproj", "{9C7CD4DC-407A-4B2E-B740-115976D7B0AF}"
EndProject
Global
	GlobalSection(SolutionConfigurationPlatforms) = preSolution
		Debug|Any CPU = Debug|Any CPU
		Debug|ARM = Debug|ARM
		Debug|ARM64 = Debug|ARM64
		Debug|x64 = Debug|x64
		Debug|x86 = Debug|x86
		Release|Any CPU = Release|Any CPU
		Release|ARM = Release|ARM
		Release|ARM64 = Release|ARM64
		Release|x64 = Release|x64
		Release|x86 = Release|x86
	EndGlobalSection
	GlobalSection(ProjectConfigurationPlatforms) = postSolution
		{4E430E2B-B4AB-4B00-8B0C-52EEF2067EB6}.Debug|Any CPU.ActiveCfg = Debug|Any CPU
		{4E430E2B-B4AB-4B00-8B0C-52EEF2067EB6}.Debug|Any CPU.Build.0 = Debug|Any CPU
		{4E430E2B-B4AB-4B00-8B0C-52EEF2067EB6}.Debug|ARM.ActiveCfg = Debug|Any CPU
		{4E430E2B-B4AB-4B00-8B0C-52EEF2067EB6}.Debug|ARM.Build.0 = Debug|Any CPU
		{4E430E2B-B4AB-4B00-8B0C-52EEF2067EB6}.Debug|ARM64.ActiveCfg = Debug|Any CPU
		{4E430E2B-B4AB-4B00-8B0C-52EEF2067EB6}.Debug|ARM64.Build.0 = Debug|Any CPU
		{4E430E2B-B4AB-4B00-8B0C-52EEF2067EB6}.Debug|x64.ActiveCfg = Debug|Any CPU
		{4E430E2B-B4AB-4B00-8B0C-52EEF2067EB6}.Debug|x64.Build.0 = Debug|Any CPU
		{4E430E2B-B4AB-4B00-8B0C-52EEF2067EB6}.Debug|x86.ActiveCfg = Debug|Any CPU
		{4E430E2B-B4AB-4B00-8B0C-52EEF2067EB6}.Debug|x86.Build.0 = Debug|Any CPU
		{4E430E2B-B4AB-4B00-8B0C-52EEF2067EB6}.Release|Any CPU.ActiveCfg = Release|Any CPU
		{4E430E2B-B4AB-4B00-8B0C-52EEF2067EB6}.Release|Any CPU.Build.0 = Release|Any CPU
		{4E430E2B-B4AB-4B00-8B0C-52EEF2067EB6}.Release|ARM.ActiveCfg = Release|Any CPU
		{4E430E2B-B4AB-4B00-8B0C-52EEF2067EB6}.Release|ARM.Build.0 = Release|Any CPU
		{4E430E2B-B4AB-4B00-8B0C-52EEF2067EB6}.Release|ARM64.ActiveCfg = Release|Any CPU
		{4E430E2B-B4AB-4B00-8B0C-52EEF2067EB6}.Release|ARM64.Build.0 = Release|Any CPU
		{4E430E2B-B4AB-4B00-8B0C-52EEF2067EB6}.Release|x64.ActiveCfg = Release|Any CPU
		{4E430E2B-B4AB-4B00-8B0C-52EEF2067EB6}.Release|x64.Build.0 = Release|Any CPU
		{4E430E2B-B4AB-4B00-8B0C-52EEF2067EB6}.Release|x86.ActiveCfg = Release|Any CPU
		{4E430E2B-B4AB-4B00-8B0C-52EEF2067EB6}.Release|x86.Build.0 = Release|Any CPU
		{864BECE9-DDD6-432D-9E83-B8D5981CE506}.Debug|Any CPU.ActiveCfg = Debug|Any CPU
		{864BECE9-DDD6-432D-9E83-B8D5981CE506}.Debug|Any CPU.Build.0 = Debug|Any CPU
		{864BECE9-DDD6-432D-9E83-B8D5981CE506}.Debug|ARM.ActiveCfg = Debug|Any CPU
		{864BECE9-DDD6-432D-9E83-B8D5981CE506}.Debug|ARM.Build.0 = Debug|Any CPU
		{864BECE9-DDD6-432D-9E83-B8D5981CE506}.Debug|ARM64.ActiveCfg = Debug|Any CPU
		{864BECE9-DDD6-432D-9E83-B8D5981CE506}.Debug|ARM64.Build.0 = Debug|Any CPU
		{864BECE9-DDD6-432D-9E83-B8D5981CE506}.Debug|x64.ActiveCfg = Debug|Any CPU
		{864BECE9-DDD6-432D-9E83-B8D5981CE506}.Debug|x64.Build.0 = Debug|Any CPU
		{864BECE9-DDD6-432D-9E83-B8D5981CE506}.Debug|x86.ActiveCfg = Debug|Any CPU
		{864BECE9-DDD6-432D-9E83-B8D5981CE506}.Debug|x86.Build.0 = Debug|Any CPU
		{864BECE9-DDD6-432D-9E83-B8D5981CE506}.Release|Any CPU.ActiveCfg = Release|Any CPU
		{864BECE9-DDD6-432D-9E83-B8D5981CE506}.Release|Any CPU.Build.0 = Release|Any CPU
		{864BECE9-DDD6-432D-9E83-B8D5981CE506}.Release|ARM.ActiveCfg = Release|Any CPU
		{864BECE9-DDD6-432D-9E83-B8D5981CE506}.Release|ARM.Build.0 = Release|Any CPU
		{864BECE9-DDD6-432D-9E83-B8D5981CE506}.Release|ARM64.ActiveCfg = Release|Any CPU
		{864BECE9-DDD6-432D-9E83-B8D5981CE506}.Release|ARM64.Build.0 = Release|Any CPU
		{864BECE9-DDD6-432D-9E83-B8D5981CE506}.Release|x64.ActiveCfg = Release|Any CPU
		{864BECE9-DDD6-432D-9E83-B8D5981CE506}.Release|x64.Build.0 = Release|Any CPU
		{864BECE9-DDD6-432D-9E83-B8D5981CE506}.Release|x86.ActiveCfg = Release|Any CPU
		{864BECE9-DDD6-432D-9E83-B8D5981CE506}.Release|x86.Build.0 = Release|Any CPU
		{DD8DF48A-7923-45AD-850A-F403E43C5319}.Debug|Any CPU.ActiveCfg = Debug|Any CPU
		{DD8DF48A-7923-45AD-850A-F403E43C5319}.Debug|Any CPU.Build.0 = Debug|Any CPU
		{DD8DF48A-7923-45AD-850A-F403E43C5319}.Debug|ARM.ActiveCfg = Debug|Any CPU
		{DD8DF48A-7923-45AD-850A-F403E43C5319}.Debug|ARM.Build.0 = Debug|Any CPU
		{DD8DF48A-7923-45AD-850A-F403E43C5319}.Debug|ARM64.ActiveCfg = Debug|Any CPU
		{DD8DF48A-7923-45AD-850A-F403E43C5319}.Debug|ARM64.Build.0 = Debug|Any CPU
		{DD8DF48A-7923-45AD-850A-F403E43C5319}.Debug|x64.ActiveCfg = Debug|Any CPU
		{DD8DF48A-7923-45AD-850A-F403E43C5319}.Debug|x64.Build.0 = Debug|Any CPU
		{DD8DF48A-7923-45AD-850A-F403E43C5319}.Debug|x86.ActiveCfg = Debug|Any CPU
		{DD8DF48A-7923-45AD-850A-F403E43C5319}.Debug|x86.Build.0 = Debug|Any CPU
		{DD8DF48A-7923-45AD-850A-F403E43C5319}.Release|Any CPU.ActiveCfg = Release|Any CPU
		{DD8DF48A-7923-45AD-850A-F403E43C5319}.Release|Any CPU.Build.0 = Release|Any CPU
		{DD8DF48A-7923-45AD-850A-F403E43C5319}.Release|ARM.ActiveCfg = Release|Any CPU
		{DD8DF48A-7923-45AD-850A-F403E43C5319}.Release|ARM.Build.0 = Release|Any CPU
		{DD8DF48A-7923-45AD-850A-F403E43C5319}.Release|ARM64.ActiveCfg = Release|Any CPU
		{DD8DF48A-7923-45AD-850A-F403E43C5319}.Release|ARM64.Build.0 = Release|Any CPU
		{DD8DF48A-7923-45AD-850A-F403E43C5319}.Release|x64.ActiveCfg = Release|Any CPU
		{DD8DF48A-7923-45AD-850A-F403E43C5319}.Release|x64.Build.0 = Release|Any CPU
		{DD8DF48A-7923-45AD-850A-F403E43C5319}.Release|x86.ActiveCfg = Release|Any CPU
		{DD8DF48A-7923-45AD-850A-F403E43C5319}.Release|x86.Build.0 = Release|Any CPU
		{187F0BEE-58B2-426B-B3B8-48910D1C3113}.Debug|Any CPU.ActiveCfg = Debug|Any CPU
		{187F0BEE-58B2-426B-B3B8-48910D1C3113}.Debug|Any CPU.Build.0 = Debug|Any CPU
		{187F0BEE-58B2-426B-B3B8-48910D1C3113}.Debug|ARM.ActiveCfg = Debug|Any CPU
		{187F0BEE-58B2-426B-B3B8-48910D1C3113}.Debug|ARM.Build.0 = Debug|Any CPU
		{187F0BEE-58B2-426B-B3B8-48910D1C3113}.Debug|ARM64.ActiveCfg = Debug|Any CPU
		{187F0BEE-58B2-426B-B3B8-48910D1C3113}.Debug|ARM64.Build.0 = Debug|Any CPU
		{187F0BEE-58B2-426B-B3B8-48910D1C3113}.Debug|x64.ActiveCfg = Debug|Any CPU
		{187F0BEE-58B2-426B-B3B8-48910D1C3113}.Debug|x64.Build.0 = Debug|Any CPU
		{187F0BEE-58B2-426B-B3B8-48910D1C3113}.Debug|x86.ActiveCfg = Debug|Any CPU
		{187F0BEE-58B2-426B-B3B8-48910D1C3113}.Debug|x86.Build.0 = Debug|Any CPU
		{187F0BEE-58B2-426B-B3B8-48910D1C3113}.Release|Any CPU.ActiveCfg = Release|Any CPU
		{187F0BEE-58B2-426B-B3B8-48910D1C3113}.Release|Any CPU.Build.0 = Release|Any CPU
		{187F0BEE-58B2-426B-B3B8-48910D1C3113}.Release|ARM.ActiveCfg = Release|Any CPU
		{187F0BEE-58B2-426B-B3B8-48910D1C3113}.Release|ARM.Build.0 = Release|Any CPU
		{187F0BEE-58B2-426B-B3B8-48910D1C3113}.Release|ARM64.ActiveCfg = Release|Any CPU
		{187F0BEE-58B2-426B-B3B8-48910D1C3113}.Release|ARM64.Build.0 = Release|Any CPU
		{187F0BEE-58B2-426B-B3B8-48910D1C3113}.Release|x64.ActiveCfg = Release|Any CPU
		{187F0BEE-58B2-426B-B3B8-48910D1C3113}.Release|x64.Build.0 = Release|Any CPU
		{187F0BEE-58B2-426B-B3B8-48910D1C3113}.Release|x86.ActiveCfg = Release|Any CPU
		{187F0BEE-58B2-426B-B3B8-48910D1C3113}.Release|x86.Build.0 = Release|Any CPU
		{2045B7AF-E73E-4F45-B5A2-0B8DE888E075}.Debug|Any CPU.ActiveCfg = Debug|Any CPU
		{2045B7AF-E73E-4F45-B5A2-0B8DE888E075}.Debug|Any CPU.Build.0 = Debug|Any CPU
		{2045B7AF-E73E-4F45-B5A2-0B8DE888E075}.Debug|ARM.ActiveCfg = Debug|Any CPU
		{2045B7AF-E73E-4F45-B5A2-0B8DE888E075}.Debug|ARM.Build.0 = Debug|Any CPU
		{2045B7AF-E73E-4F45-B5A2-0B8DE888E075}.Debug|ARM64.ActiveCfg = Debug|Any CPU
		{2045B7AF-E73E-4F45-B5A2-0B8DE888E075}.Debug|ARM64.Build.0 = Debug|Any CPU
		{2045B7AF-E73E-4F45-B5A2-0B8DE888E075}.Debug|x64.ActiveCfg = Debug|Any CPU
		{2045B7AF-E73E-4F45-B5A2-0B8DE888E075}.Debug|x64.Build.0 = Debug|Any CPU
		{2045B7AF-E73E-4F45-B5A2-0B8DE888E075}.Debug|x86.ActiveCfg = Debug|Any CPU
		{2045B7AF-E73E-4F45-B5A2-0B8DE888E075}.Debug|x86.Build.0 = Debug|Any CPU
		{2045B7AF-E73E-4F45-B5A2-0B8DE888E075}.Release|Any CPU.ActiveCfg = Release|Any CPU
		{2045B7AF-E73E-4F45-B5A2-0B8DE888E075}.Release|Any CPU.Build.0 = Release|Any CPU
		{2045B7AF-E73E-4F45-B5A2-0B8DE888E075}.Release|ARM.ActiveCfg = Release|Any CPU
		{2045B7AF-E73E-4F45-B5A2-0B8DE888E075}.Release|ARM.Build.0 = Release|Any CPU
		{2045B7AF-E73E-4F45-B5A2-0B8DE888E075}.Release|ARM64.ActiveCfg = Release|Any CPU
		{2045B7AF-E73E-4F45-B5A2-0B8DE888E075}.Release|ARM64.Build.0 = Release|Any CPU
		{2045B7AF-E73E-4F45-B5A2-0B8DE888E075}.Release|x64.ActiveCfg = Release|Any CPU
		{2045B7AF-E73E-4F45-B5A2-0B8DE888E075}.Release|x64.Build.0 = Release|Any CPU
		{2045B7AF-E73E-4F45-B5A2-0B8DE888E075}.Release|x86.ActiveCfg = Release|Any CPU
		{2045B7AF-E73E-4F45-B5A2-0B8DE888E075}.Release|x86.Build.0 = Release|Any CPU
		{9C7CD4DC-407A-4B2E-B740-115976D7B0AF}.Debug|Any CPU.ActiveCfg = Debug|Any CPU
		{9C7CD4DC-407A-4B2E-B740-115976D7B0AF}.Debug|Any CPU.Build.0 = Debug|Any CPU
		{9C7CD4DC-407A-4B2E-B740-115976D7B0AF}.Debug|Any CPU.Deploy.0 = Debug|Any CPU
		{9C7CD4DC-407A-4B2E-B740-115976D7B0AF}.Debug|ARM.ActiveCfg = Debug|ARM
		{9C7CD4DC-407A-4B2E-B740-115976D7B0AF}.Debug|ARM.Build.0 = Debug|ARM
		{9C7CD4DC-407A-4B2E-B740-115976D7B0AF}.Debug|ARM.Deploy.0 = Debug|ARM
		{9C7CD4DC-407A-4B2E-B740-115976D7B0AF}.Debug|ARM64.ActiveCfg = Debug|ARM64
		{9C7CD4DC-407A-4B2E-B740-115976D7B0AF}.Debug|ARM64.Build.0 = Debug|ARM64
		{9C7CD4DC-407A-4B2E-B740-115976D7B0AF}.Debug|ARM64.Deploy.0 = Debug|ARM64
		{9C7CD4DC-407A-4B2E-B740-115976D7B0AF}.Debug|x64.ActiveCfg = Debug|x64
		{9C7CD4DC-407A-4B2E-B740-115976D7B0AF}.Debug|x64.Build.0 = Debug|x64
		{9C7CD4DC-407A-4B2E-B740-115976D7B0AF}.Debug|x64.Deploy.0 = Debug|x64
		{9C7CD4DC-407A-4B2E-B740-115976D7B0AF}.Debug|x86.ActiveCfg = Debug|x86
		{9C7CD4DC-407A-4B2E-B740-115976D7B0AF}.Debug|x86.Build.0 = Debug|x86
		{9C7CD4DC-407A-4B2E-B740-115976D7B0AF}.Debug|x86.Deploy.0 = Debug|x86
		{9C7CD4DC-407A-4B2E-B740-115976D7B0AF}.Release|Any CPU.ActiveCfg = Release|Any CPU
		{9C7CD4DC-407A-4B2E-B740-115976D7B0AF}.Release|Any CPU.Build.0 = Release|Any CPU
		{9C7CD4DC-407A-4B2E-B740-115976D7B0AF}.Release|Any CPU.Deploy.0 = Release|Any CPU
		{9C7CD4DC-407A-4B2E-B740-115976D7B0AF}.Release|ARM.ActiveCfg = Release|ARM
		{9C7CD4DC-407A-4B2E-B740-115976D7B0AF}.Release|ARM.Build.0 = Release|ARM
		{9C7CD4DC-407A-4B2E-B740-115976D7B0AF}.Release|ARM.Deploy.0 = Release|ARM
		{9C7CD4DC-407A-4B2E-B740-115976D7B0AF}.Release|ARM64.ActiveCfg = Release|ARM64
		{9C7CD4DC-407A-4B2E-B740-115976D7B0AF}.Release|ARM64.Build.0 = Release|ARM64
		{9C7CD4DC-407A-4B2E-B740-115976D7B0AF}.Release|ARM64.Deploy.0 = Release|ARM64
		{9C7CD4DC-407A-4B2E-B740-115976D7B0AF}.Release|x64.ActiveCfg = Release|x64
		{9C7CD4DC-407A-4B2E-B740-115976D7B0AF}.Release|x64.Build.0 = Release|x64
		{9C7CD4DC-407A-4B2E-B740-115976D7B0AF}.Release|x64.Deploy.0 = Release|x64
		{9C7CD4DC-407A-4B2E-B740-115976D7B0AF}.Release|x86.ActiveCfg = Release|x86
		{9C7CD4DC-407A-4B2E-B740-115976D7B0AF}.Release|x86.Build.0 = Release|x86
		{9C7CD4DC-407A-4B2E-B740-115976D7B0AF}.Release|x86.Deploy.0 = Release|x86
	EndGlobalSection
	GlobalSection(SolutionProperties) = preSolution
		HideSolutionNode = FALSE
	EndGlobalSection
	GlobalSection(NestedProjects) = preSolution
		{4E430E2B-B4AB-4B00-8B0C-52EEF2067EB6} = {6767A85A-AE3B-4D7B-8F03-1C637D7205D0}
		{864BECE9-DDD6-432D-9E83-B8D5981CE506} = {F9E36E60-B7D6-4658-934B-425C84BD15D1}
		{DD8DF48A-7923-45AD-850A-F403E43C5319} = {A793A771-F4CB-4C25-AD34-12AFDB23C606}
		{187F0BEE-58B2-426B-B3B8-48910D1C3113} = {F9E36E60-B7D6-4658-934B-425C84BD15D1}
		{2045B7AF-E73E-4F45-B5A2-0B8DE888E075} = {F9E36E60-B7D6-4658-934B-425C84BD15D1}
		{9C7CD4DC-407A-4B2E-B740-115976D7B0AF} = {0F781CBF-0A93-49F5-B9FE-E37AB4A3F8B2}
	EndGlobalSection
	GlobalSection(ExtensibilityGlobals) = postSolution
		SolutionGuid = {F17BCB36-7021-4A5C-8866-EC749409D066}
	EndGlobalSection
EndGlobal
